
Microsoft Visual Studio Solution File, Format Version 12.00
# Visual Studio Version 16
VisualStudioVersion = 16.0.29709.97
MinimumVisualStudioVersion = 10.0.40219.1
Project("{9A19103F-16F7-4668-BE54-9A1E7A4F7556}") = "MoviesSenior", "MoviesSenior\MoviesSenior.csproj", "{A46EF38B-0752-41F1-85AC-2D9A175821C1}"
EndProject
Project("{FAE04EC0-301F-11D3-BF4B-00C04F79EFBC}") = "MoviesSeniorTest", "MoviesSeniorTest\MoviesSeniorTest.csproj", "{F8DB1883-66C9-4D35-A5D7-DE2FBCC4EAAD}"
EndProject
Global
	GlobalSection(SolutionConfigurationPlatforms) = preSolution
		Debug|Any CPU = Debug|Any CPU
		Release|Any CPU = Release|Any CPU
	EndGlobalSection
	GlobalSection(ProjectConfigurationPlatforms) = postSolution
		{A46EF38B-0752-41F1-85AC-2D9A175821C1}.Debug|Any CPU.ActiveCfg = Debug|Any CPU
		{A46EF38B-0752-41F1-85AC-2D9A175821C1}.Debug|Any CPU.Build.0 = Debug|Any CPU
		{A46EF38B-0752-41F1-85AC-2D9A175821C1}.Release|Any CPU.ActiveCfg = Release|Any CPU
		{A46EF38B-0752-41F1-85AC-2D9A175821C1}.Release|Any CPU.Build.0 = Release|Any CPU
		{F8DB1883-66C9-4D35-A5D7-DE2FBCC4EAAD}.Debug|Any CPU.ActiveCfg = Debug|Any CPU
		{F8DB1883-66C9-4D35-A5D7-DE2FBCC4EAAD}.Debug|Any CPU.Build.0 = Debug|Any CPU
		{F8DB1883-66C9-4D35-A5D7-DE2FBCC4EAAD}.Release|Any CPU.ActiveCfg = Release|Any CPU
		{F8DB1883-66C9-4D35-A5D7-DE2FBCC4EAAD}.Release|Any CPU.Build.0 = Release|Any CPU
	EndGlobalSection
	GlobalSection(SolutionProperties) = preSolution
		HideSolutionNode = FALSE
	EndGlobalSection
	GlobalSection(ExtensibilityGlobals) = postSolution
		SolutionGuid = {D7C140B1-AEF7-41CF-9722-E2A46C2C07C8}
	EndGlobalSection
EndGlobal
